
Microsoft Visual Studio Solution File, Format Version 12.00
# Visual Studio Version 17
VisualStudioVersion = 17.2.32526.322
MinimumVisualStudioVersion = 10.0.40219.1
Project("{9A19103F-16F7-4668-BE54-9A1E7A4F7556}") = "Dtmcli", "src\Dtmcli\Dtmcli.csproj", "{D61052D4-B3A2-431B-8C87-AE5AC5EAF412}"
EndProject
Project("{9A19103F-16F7-4668-BE54-9A1E7A4F7556}") = "Dtmcli.Tests", "tests\Dtmcli.Tests\Dtmcli.Tests.csproj", "{0DD957B2-2B4D-4B19-8FE8-BEFD5C4D2212}"
EndProject
Project("{9A19103F-16F7-4668-BE54-9A1E7A4F7556}") = "DtmCommon", "src\DtmCommon\DtmCommon.csproj", "{5F83A481-D400-494E-B76F-45649F600043}"
EndProject
Project("{9A19103F-16F7-4668-BE54-9A1E7A4F7556}") = "DtmMongoBarrier", "src\DtmMongoBarrier\DtmMongoBarrier.csproj", "{578E3048-F828-44D3-8185-FBF8D57259C3}"
EndProject
Project("{9A19103F-16F7-4668-BE54-9A1E7A4F7556}") = "DtmSERedisBarrier", "src\DtmSERedisBarrier\DtmSERedisBarrier.csproj", "{3DACBCD6-70D9-4753-9483-B461E0EB4043}"
EndProject
Project("{9A19103F-16F7-4668-BE54-9A1E7A4F7556}") = "Dtmgrpc", "src\Dtmgrpc\Dtmgrpc.csproj", "{169030F4-15E8-4FB5-9D30-41027180A2DA}"
EndProject
Project("{9A19103F-16F7-4668-BE54-9A1E7A4F7556}") = "Dtmgrpc.Tests", "tests\Dtmgrpc.Tests\Dtmgrpc.Tests.csproj", "{766D2B2D-86FC-4226-8E9C-C27AFF2B1F0B}"
EndProject
Project("{9A19103F-16F7-4668-BE54-9A1E7A4F7556}") = "Dtmworkflow", "src\Dtmworkflow\Dtmworkflow.csproj", "{0D46D648-2CA1-48C6-AF20-1BE06CD7A642}"
EndProject
Project("{9A19103F-16F7-4668-BE54-9A1E7A4F7556}") = "Dtmworkflow.Tests", "tests\Dtmworkflow.Tests\Dtmworkflow.Tests.csproj", "{9FE3B656-85BC-4B95-8595-6748AEAC222E}"
EndProject
Project("{2150E333-8FDC-42A3-9474-1A3956D46DE8}") = "src", "src", "{AFCF4E29-660F-49FB-BF0A-4EB5CC4B7C1B}"
EndProject
Project("{2150E333-8FDC-42A3-9474-1A3956D46DE8}") = "tests", "tests", "{ED5B84F1-876F-4617-A4F4-5C160319310C}"
EndProject
Project("{9A19103F-16F7-4668-BE54-9A1E7A4F7556}") = "BusiGrpcService", "tests\BusiGrpcService\BusiGrpcService.csproj", "{FFF41358-6974-4E87-840D-C61E1B6BEDC3}"
EndProject
Project("{9A19103F-16F7-4668-BE54-9A1E7A4F7556}") = "Dtmgrpc.IntegrationTests", "tests\Dtmgrpc.IntegrationTests\Dtmgrpc.IntegrationTests.csproj", "{AFDB3DCD-55CE-402F-A1B0-FCD4737FE314}"
EndProject
Project("{2150E333-8FDC-42A3-9474-1A3956D46DE8}") = "samples", "samples", "{6AD842A7-E86B-4FBE-B371-BA9DE4D0168E}"
EndProject
Project("{9A19103F-16F7-4668-BE54-9A1E7A4F7556}") = "DtmSample", "samples\DtmSample\DtmSample.csproj", "{89337EEF-EBCD-4591-BB6B-5A45067B12AF}"
EndProject
Project("{9A19103F-16F7-4668-BE54-9A1E7A4F7556}") = "DtmDapr", "src\DtmDapr\DtmDapr.csproj", "{D54ACCEF-2DD7-41B7-9895-6A8B155D67BA}"
EndProject
Project("{9A19103F-16F7-4668-BE54-9A1E7A4F7556}") = "DtmOnDaprSample", "samples\DtmOnDaprSample\DtmOnDaprSample.csproj", "{1791974A-8638-488B-A3B8-0D935E3A4D27}"
EndProject
Project("{2150E333-8FDC-42A3-9474-1A3956D46DE8}") = "strong-name", "strong-name", "{A8DF688D-43CE-4227-B5FD-F65760DE7967}"
EndProject
Project("{FAE04EC0-301F-11D3-BF4B-00C04F79EFBC}") = "DtmCommon.StrongName", "src\strong-name\DtmCommon.StrongName\DtmCommon.StrongName.csproj", "{199067A7-1587-44C2-8A05-6D79AED30F93}"
EndProject
Project("{FAE04EC0-301F-11D3-BF4B-00C04F79EFBC}") = "Dtmcli.StrongName", "src\strong-name\Dtmcli.StrongName\Dtmcli.StrongName.csproj", "{3196931A-26B1-4C48-BA66-003356153C34}"
EndProject
Project("{FAE04EC0-301F-11D3-BF4B-00C04F79EFBC}") = "Dtmgrpc.StrongName", "src\strong-name\Dtmgrpc.StrongName\Dtmgrpc.StrongName.csproj", "{60051A80-A987-43B7-A5D1-284B8FD330D4}"
EndProject
Project("{FAE04EC0-301F-11D3-BF4B-00C04F79EFBC}") = "Dtmworkflow.StrongName", "src\strong-name\Dtmworkflow.StrongName\Dtmworkflow.StrongName.csproj", "{96634D84-A11E-448C-8033-CC643F96558A}"
EndProject
Global
	GlobalSection(SolutionConfigurationPlatforms) = preSolution
		Debug|Any CPU = Debug|Any CPU
		Release|Any CPU = Release|Any CPU
	EndGlobalSection
	GlobalSection(ProjectConfigurationPlatforms) = postSolution
		{D61052D4-B3A2-431B-8C87-AE5AC5EAF412}.Debug|Any CPU.ActiveCfg = Debug|Any CPU
		{D61052D4-B3A2-431B-8C87-AE5AC5EAF412}.Debug|Any CPU.Build.0 = Debug|Any CPU
		{D61052D4-B3A2-431B-8C87-AE5AC5EAF412}.Release|Any CPU.ActiveCfg = Release|Any CPU
		{D61052D4-B3A2-431B-8C87-AE5AC5EAF412}.Release|Any CPU.Build.0 = Release|Any CPU
		{0DD957B2-2B4D-4B19-8FE8-BEFD5C4D2212}.Debug|Any CPU.ActiveCfg = Debug|Any CPU
		{0DD957B2-2B4D-4B19-8FE8-BEFD5C4D2212}.Debug|Any CPU.Build.0 = Debug|Any CPU
		{0DD957B2-2B4D-4B19-8FE8-BEFD5C4D2212}.Release|Any CPU.ActiveCfg = Release|Any CPU
		{0DD957B2-2B4D-4B19-8FE8-BEFD5C4D2212}.Release|Any CPU.Build.0 = Release|Any CPU
		{5F83A481-D400-494E-B76F-45649F600043}.Debug|Any CPU.ActiveCfg = Debug|Any CPU
		{5F83A481-D400-494E-B76F-45649F600043}.Debug|Any CPU.Build.0 = Debug|Any CPU
		{5F83A481-D400-494E-B76F-45649F600043}.Release|Any CPU.ActiveCfg = Release|Any CPU
		{5F83A481-D400-494E-B76F-45649F600043}.Release|Any CPU.Build.0 = Release|Any CPU
		{578E3048-F828-44D3-8185-FBF8D57259C3}.Debug|Any CPU.ActiveCfg = Debug|Any CPU
		{578E3048-F828-44D3-8185-FBF8D57259C3}.Debug|Any CPU.Build.0 = Debug|Any CPU
		{578E3048-F828-44D3-8185-FBF8D57259C3}.Release|Any CPU.ActiveCfg = Release|Any CPU
		{578E3048-F828-44D3-8185-FBF8D57259C3}.Release|Any CPU.Build.0 = Release|Any CPU
		{3DACBCD6-70D9-4753-9483-B461E0EB4043}.Debug|Any CPU.ActiveCfg = Debug|Any CPU
		{3DACBCD6-70D9-4753-9483-B461E0EB4043}.Debug|Any CPU.Build.0 = Debug|Any CPU
		{3DACBCD6-70D9-4753-9483-B461E0EB4043}.Release|Any CPU.ActiveCfg = Release|Any CPU
		{3DACBCD6-70D9-4753-9483-B461E0EB4043}.Release|Any CPU.Build.0 = Release|Any CPU
		{169030F4-15E8-4FB5-9D30-41027180A2DA}.Debug|Any CPU.ActiveCfg = Debug|Any CPU
		{169030F4-15E8-4FB5-9D30-41027180A2DA}.Debug|Any CPU.Build.0 = Debug|Any CPU
		{169030F4-15E8-4FB5-9D30-41027180A2DA}.Release|Any CPU.ActiveCfg = Release|Any CPU
		{169030F4-15E8-4FB5-9D30-41027180A2DA}.Release|Any CPU.Build.0 = Release|Any CPU
		{766D2B2D-86FC-4226-8E9C-C27AFF2B1F0B}.Debug|Any CPU.ActiveCfg = Debug|Any CPU
		{766D2B2D-86FC-4226-8E9C-C27AFF2B1F0B}.Debug|Any CPU.Build.0 = Debug|Any CPU
		{766D2B2D-86FC-4226-8E9C-C27AFF2B1F0B}.Release|Any CPU.ActiveCfg = Release|Any CPU
		{766D2B2D-86FC-4226-8E9C-C27AFF2B1F0B}.Release|Any CPU.Build.0 = Release|Any CPU
		{0D46D648-2CA1-48C6-AF20-1BE06CD7A642}.Debug|Any CPU.ActiveCfg = Debug|Any CPU
		{0D46D648-2CA1-48C6-AF20-1BE06CD7A642}.Debug|Any CPU.Build.0 = Debug|Any CPU
		{0D46D648-2CA1-48C6-AF20-1BE06CD7A642}.Release|Any CPU.ActiveCfg = Release|Any CPU
		{0D46D648-2CA1-48C6-AF20-1BE06CD7A642}.Release|Any CPU.Build.0 = Release|Any CPU
		{9FE3B656-85BC-4B95-8595-6748AEAC222E}.Debug|Any CPU.ActiveCfg = Debug|Any CPU
		{9FE3B656-85BC-4B95-8595-6748AEAC222E}.Debug|Any CPU.Build.0 = Debug|Any CPU
		{9FE3B656-85BC-4B95-8595-6748AEAC222E}.Release|Any CPU.ActiveCfg = Release|Any CPU
		{9FE3B656-85BC-4B95-8595-6748AEAC222E}.Release|Any CPU.Build.0 = Release|Any CPU
		{FFF41358-6974-4E87-840D-C61E1B6BEDC3}.Debug|Any CPU.ActiveCfg = Debug|Any CPU
		{FFF41358-6974-4E87-840D-C61E1B6BEDC3}.Debug|Any CPU.Build.0 = Debug|Any CPU
		{FFF41358-6974-4E87-840D-C61E1B6BEDC3}.Release|Any CPU.ActiveCfg = Release|Any CPU
		{FFF41358-6974-4E87-840D-C61E1B6BEDC3}.Release|Any CPU.Build.0 = Release|Any CPU
		{AFDB3DCD-55CE-402F-A1B0-FCD4737FE314}.Debug|Any CPU.ActiveCfg = Debug|Any CPU
		{AFDB3DCD-55CE-402F-A1B0-FCD4737FE314}.Debug|Any CPU.Build.0 = Debug|Any CPU
		{AFDB3DCD-55CE-402F-A1B0-FCD4737FE314}.Release|Any CPU.ActiveCfg = Release|Any CPU
		{AFDB3DCD-55CE-402F-A1B0-FCD4737FE314}.Release|Any CPU.Build.0 = Release|Any CPU
		{89337EEF-EBCD-4591-BB6B-5A45067B12AF}.Debug|Any CPU.ActiveCfg = Debug|Any CPU
		{89337EEF-EBCD-4591-BB6B-5A45067B12AF}.Debug|Any CPU.Build.0 = Debug|Any CPU
		{89337EEF-EBCD-4591-BB6B-5A45067B12AF}.Release|Any CPU.ActiveCfg = Release|Any CPU
		{89337EEF-EBCD-4591-BB6B-5A45067B12AF}.Release|Any CPU.Build.0 = Release|Any CPU
		{D54ACCEF-2DD7-41B7-9895-6A8B155D67BA}.Debug|Any CPU.ActiveCfg = Debug|Any CPU
		{D54ACCEF-2DD7-41B7-9895-6A8B155D67BA}.Debug|Any CPU.Build.0 = Debug|Any CPU
		{D54ACCEF-2DD7-41B7-9895-6A8B155D67BA}.Release|Any CPU.ActiveCfg = Release|Any CPU
		{D54ACCEF-2DD7-41B7-9895-6A8B155D67BA}.Release|Any CPU.Build.0 = Release|Any CPU
		{1791974A-8638-488B-A3B8-0D935E3A4D27}.Debug|Any CPU.ActiveCfg = Debug|Any CPU
		{1791974A-8638-488B-A3B8-0D935E3A4D27}.Debug|Any CPU.Build.0 = Debug|Any CPU
		{1791974A-8638-488B-A3B8-0D935E3A4D27}.Release|Any CPU.ActiveCfg = Release|Any CPU
		{1791974A-8638-488B-A3B8-0D935E3A4D27}.Release|Any CPU.Build.0 = Release|Any CPU
		{199067A7-1587-44C2-8A05-6D79AED30F93}.Debug|Any CPU.ActiveCfg = Debug|Any CPU
		{199067A7-1587-44C2-8A05-6D79AED30F93}.Debug|Any CPU.Build.0 = Debug|Any CPU
		{199067A7-1587-44C2-8A05-6D79AED30F93}.Release|Any CPU.ActiveCfg = Release|Any CPU
		{199067A7-1587-44C2-8A05-6D79AED30F93}.Release|Any CPU.Build.0 = Release|Any CPU
		{3196931A-26B1-4C48-BA66-003356153C34}.Debug|Any CPU.ActiveCfg = Debug|Any CPU
		{3196931A-26B1-4C48-BA66-003356153C34}.Debug|Any CPU.Build.0 = Debug|Any CPU
		{3196931A-26B1-4C48-BA66-003356153C34}.Release|Any CPU.ActiveCfg = Release|Any CPU
		{3196931A-26B1-4C48-BA66-003356153C34}.Release|Any CPU.Build.0 = Release|Any CPU
		{60051A80-A987-43B7-A5D1-284B8FD330D4}.Debug|Any CPU.ActiveCfg = Debug|Any CPU
		{60051A80-A987-43B7-A5D1-284B8FD330D4}.Debug|Any CPU.Build.0 = Debug|Any CPU
		{60051A80-A987-43B7-A5D1-284B8FD330D4}.Release|Any CPU.ActiveCfg = Release|Any CPU
		{60051A80-A987-43B7-A5D1-284B8FD330D4}.Release|Any CPU.Build.0 = Release|Any CPU
		{96634D84-A11E-448C-8033-CC643F96558A}.Debug|Any CPU.ActiveCfg = Debug|Any CPU
		{96634D84-A11E-448C-8033-CC643F96558A}.Debug|Any CPU.Build.0 = Debug|Any CPU
		{96634D84-A11E-448C-8033-CC643F96558A}.Release|Any CPU.ActiveCfg = Release|Any CPU
		{96634D84-A11E-448C-8033-CC643F96558A}.Release|Any CPU.Build.0 = Release|Any CPU
	EndGlobalSection
	GlobalSection(SolutionProperties) = preSolution
		HideSolutionNode = FALSE
	EndGlobalSection
	GlobalSection(NestedProjects) = preSolution
		{D61052D4-B3A2-431B-8C87-AE5AC5EAF412} = {AFCF4E29-660F-49FB-BF0A-4EB5CC4B7C1B}
		{0DD957B2-2B4D-4B19-8FE8-BEFD5C4D2212} = {ED5B84F1-876F-4617-A4F4-5C160319310C}
		{5F83A481-D400-494E-B76F-45649F600043} = {AFCF4E29-660F-49FB-BF0A-4EB5CC4B7C1B}
		{578E3048-F828-44D3-8185-FBF8D57259C3} = {AFCF4E29-660F-49FB-BF0A-4EB5CC4B7C1B}
		{3DACBCD6-70D9-4753-9483-B461E0EB4043} = {AFCF4E29-660F-49FB-BF0A-4EB5CC4B7C1B}
		{169030F4-15E8-4FB5-9D30-41027180A2DA} = {AFCF4E29-660F-49FB-BF0A-4EB5CC4B7C1B}
		{766D2B2D-86FC-4226-8E9C-C27AFF2B1F0B} = {ED5B84F1-876F-4617-A4F4-5C160319310C}
		{0D46D648-2CA1-48C6-AF20-1BE06CD7A642} = {AFCF4E29-660F-49FB-BF0A-4EB5CC4B7C1B}
		{9FE3B656-85BC-4B95-8595-6748AEAC222E} = {ED5B84F1-876F-4617-A4F4-5C160319310C}
		{FFF41358-6974-4E87-840D-C61E1B6BEDC3} = {ED5B84F1-876F-4617-A4F4-5C160319310C}
		{AFDB3DCD-55CE-402F-A1B0-FCD4737FE314} = {ED5B84F1-876F-4617-A4F4-5C160319310C}
		{89337EEF-EBCD-4591-BB6B-5A45067B12AF} = {6AD842A7-E86B-4FBE-B371-BA9DE4D0168E}
		{D54ACCEF-2DD7-41B7-9895-6A8B155D67BA} = {AFCF4E29-660F-49FB-BF0A-4EB5CC4B7C1B}
		{1791974A-8638-488B-A3B8-0D935E3A4D27} = {6AD842A7-E86B-4FBE-B371-BA9DE4D0168E}
		{A8DF688D-43CE-4227-B5FD-F65760DE7967} = {AFCF4E29-660F-49FB-BF0A-4EB5CC4B7C1B}
		{199067A7-1587-44C2-8A05-6D79AED30F93} = {A8DF688D-43CE-4227-B5FD-F65760DE7967}
		{3196931A-26B1-4C48-BA66-003356153C34} = {A8DF688D-43CE-4227-B5FD-F65760DE7967}
		{60051A80-A987-43B7-A5D1-284B8FD330D4} = {A8DF688D-43CE-4227-B5FD-F65760DE7967}
		{96634D84-A11E-448C-8033-CC643F96558A} = {A8DF688D-43CE-4227-B5FD-F65760DE7967}
	EndGlobalSection
	GlobalSection(ExtensibilityGlobals) = postSolution
		SolutionGuid = {A872C3EE-D0B6-4943-8C7D-9ADD28AC029A}
	EndGlobalSection
EndGlobal
