
Microsoft Visual Studio Solution File, Format Version 12.00
# Visual Studio Version 17
VisualStudioVersion = 17.0.31919.166
MinimumVisualStudioVersion = 10.0.40219.1
Project("{9A19103F-16F7-4668-BE54-9A1E7A4F7556}") = "Dtmcli", "Dtmcli\Dtmcli.csproj", "{6F90932C-4C84-4E4C-9EC6-3C1569FE30CE}"
EndProject
Project("{FAE04EC0-301F-11D3-BF4B-00C04F79EFBC}") = "Dtmcli.Tests", "Dtmcli.Tests\Dtmcli.Tests.csproj", "{AED2BBE9-0518-4B83-81DA-A814467EF5A6}"
EndProject
Global
	GlobalSection(SolutionConfigurationPlatforms) = preSolution
		Debug|Any CPU = Debug|Any CPU
		Release|Any CPU = Release|Any CPU
	EndGlobalSection
	GlobalSection(ProjectConfigurationPlatforms) = postSolution
		{6F90932C-4C84-4E4C-9EC6-3C1569FE30CE}.Debug|Any CPU.ActiveCfg = Debug|Any CPU
		{6F90932C-4C84-4E4C-9EC6-3C1569FE30CE}.Debug|Any CPU.Build.0 = Debug|Any CPU
		{6F90932C-4C84-4E4C-9EC6-3C1569FE30CE}.Release|Any CPU.ActiveCfg = Release|Any CPU
		{6F90932C-4C84-4E4C-9EC6-3C1569FE30CE}.Release|Any CPU.Build.0 = Release|Any CPU
		{AED2BBE9-0518-4B83-81DA-A814467EF5A6}.Debug|Any CPU.ActiveCfg = Debug|Any CPU
		{AED2BBE9-0518-4B83-81DA-A814467EF5A6}.Debug|Any CPU.Build.0 = Debug|Any CPU
		{AED2BBE9-0518-4B83-81DA-A814467EF5A6}.Release|Any CPU.ActiveCfg = Release|Any CPU
		{AED2BBE9-0518-4B83-81DA-A814467EF5A6}.Release|Any CPU.Build.0 = Release|Any CPU
	EndGlobalSection
	GlobalSection(SolutionProperties) = preSolution
		HideSolutionNode = FALSE
	EndGlobalSection
	GlobalSection(ExtensibilityGlobals) = postSolution
		SolutionGuid = {725CBFC9-0C37-4A6D-8FDC-40867854521D}
	EndGlobalSection
EndGlobal
